{
  "name": "editor",
  "version": "0.0.0",
  "lockfileVersion": 1,
  "requires": true,
  "dependencies": {
    "@jacobabrennan/apu": {
      "version": "0.0.2",
      "resolved": "https://registry.npmjs.org/@jacobabrennan/apu/-/apu-0.0.2.tgz",
      "integrity": "sha512-SG1gnhIcX6LGSHuVpBZOEHNUcCF3nW3F9hOJPAPfuAY21DVP+6SZLNKlclLie5zbCfu5ve3mM1L09tmrDKOjog=="
    }
  }
}
